
Microsoft Visual Studio Solution File, Format Version 12.00
# Visual Studio Version 16
VisualStudioVersion = 16.0.30523.141
MinimumVisualStudioVersion = 10.0.40219.1
Project("{9092AA53-FB77-4645-B42D-1CCCA6BD08BD}") = "RockPaperScissors", "RockPaperScissors\RockPaperScissors.njsproj", "{CA0FF1AF-2FE8-4B71-BA72-998C64B7AD5E}"
EndProject
Global
	GlobalSection(SolutionConfigurationPlatforms) = preSolution
		Debug|Any CPU = Debug|Any CPU
		Release|Any CPU = Release|Any CPU
	EndGlobalSection
	GlobalSection(ProjectConfigurationPlatforms) = postSolution
		{CA0FF1AF-2FE8-4B71-BA72-998C64B7AD5E}.Debug|Any CPU.ActiveCfg = Debug|Any CPU
		{CA0FF1AF-2FE8-4B71-BA72-998C64B7AD5E}.Debug|Any CPU.Build.0 = Debug|Any CPU
		{CA0FF1AF-2FE8-4B71-BA72-998C64B7AD5E}.Release|Any CPU.ActiveCfg = Release|Any CPU
		{CA0FF1AF-2FE8-4B71-BA72-998C64B7AD5E}.Release|Any CPU.Build.0 = Release|Any CPU
	EndGlobalSection
	GlobalSection(SolutionProperties) = preSolution
		HideSolutionNode = FALSE
	EndGlobalSection
	GlobalSection(ExtensibilityGlobals) = postSolution
		SolutionGuid = {46EC871D-3A6A-411B-AB0C-F78A6754F609}
	EndGlobalSection
EndGlobal
